
Microsoft Visual Studio Solution File, Format Version 12.00
# Visual Studio Version 17
VisualStudioVersion = 17.5.002.0
MinimumVisualStudioVersion = 10.0.40219.1
Project("{9A19103F-16F7-4668-BE54-9A1E7A4F7556}") = "MaxFlow", "MaxFlow.csproj", "{4363F41A-752D-42A3-A249-999170F83E4E}"
EndProject
Global
	GlobalSection(SolutionConfigurationPlatforms) = preSolution
		Debug|Any CPU = Debug|Any CPU
		Release|Any CPU = Release|Any CPU
	EndGlobalSection
	GlobalSection(ProjectConfigurationPlatforms) = postSolution
		{4363F41A-752D-42A3-A249-999170F83E4E}.Debug|Any CPU.ActiveCfg = Debug|Any CPU
		{4363F41A-752D-42A3-A249-999170F83E4E}.Debug|Any CPU.Build.0 = Debug|Any CPU
		{4363F41A-752D-42A3-A249-999170F83E4E}.Release|Any CPU.ActiveCfg = Release|Any CPU
		{4363F41A-752D-42A3-A249-999170F83E4E}.Release|Any CPU.Build.0 = Release|Any CPU
	EndGlobalSection
	GlobalSection(SolutionProperties) = preSolution
		HideSolutionNode = FALSE
	EndGlobalSection
	GlobalSection(ExtensibilityGlobals) = postSolution
		SolutionGuid = {9A1E01C5-33AE-497A-965C-4562B9D22505}
	EndGlobalSection
EndGlobal
